<Solution>
  <Project Path="CallPilot.Server.Api/CallPilot.Server.Api.csproj" />
  <Project Path="CallPilot.Server.Application/CallPilot.Server.Application.csproj" />
  <Project Path="CallPilot.Server.Domain/CallPilot.Server.Domain.csproj" />
  <Project Path="CallPilot.Server.Infrastructure/CallPilot.Server.Infrastructure.csproj" />
  <Project Path="CallPilot.Server.Shared/CallPilot.Server.Shared.csproj" />
  <Project Path="CallPilot.Server.Tests/CallPilot.Server.Tests.csproj" />
</Solution>
